// !$*UTF8*$!
{
	archiveVersion = 1;
	classes = {
	};
	objectVersion = 77;
	objects = {

/* Begin PBXBuildFile section */
		36C958382F0E495B008BF43E /* watch.app in Embed Watch Content */ = {isa = PBXBuildFile; fileRef = 36C958372F0E495B008BF43E /* watch.app */; settings = {ATTRIBUTES = (RemoveHeadersOnCopy, ); }; };
		36C958712F0E5CAC008BF43E /* WidgetKit.framework in Frameworks */ = {isa = PBXBuildFile; fileRef = 36C958702F0E5CAC008BF43E /* WidgetKit.framework */; };
		36C958732F0E5CAC008BF43E /* SwiftUI.framework in Frameworks */ = {isa = PBXBuildFile; fileRef = 36C958722F0E5CAC008BF43E /* SwiftUI.framework */; };
		36C9587E2F0E5CB2008BF43E /* complication.appex in Embed Foundation Extensions */ = {isa = PBXBuildFile; fileRef = 36C9586E2F0E5CAC008BF43E /* complication.appex */; settings = {ATTRIBUTES = (RemoveHeadersOnCopy, ); }; };
		495F67502F0FD78B008ED6EC /* Assets.xcassets in Resources */ = {isa = PBXBuildFile; fileRef = 495F674B2F0FD78B008ED6EC /* Assets.xcassets */; };
		495F676B2F0FF801008ED6EC /* Assets.xcassets in Resources */ = {isa = PBXBuildFile; fileRef = 495F674B2F0FD78B008ED6EC /* Assets.xcassets */; };
		4961C9262F0FD5900039E6C6 /* ProgressStore.swift in Sources */ = {isa = PBXBuildFile; fileRef = 4961C9252F0FD5900039E6C6 /* ProgressStore.swift */; };
		4961C9272F0FD5900039E6C6 /* ProgressStore.swift in Sources */ = {isa = PBXBuildFile; fileRef = 4961C9252F0FD5900039E6C6 /* ProgressStore.swift */; };
/* End PBXBuildFile section */

/* Begin PBXContainerItemProxy section */
		36C958392F0E495B008BF43E /* PBXContainerItemProxy */ = {
			isa = PBXContainerItemProxy;
			containerPortal = 36C9582B2F0E495A008BF43E /* Project object */;
			proxyType = 1;
			remoteGlobalIDString = 36C958362F0E495B008BF43E;
			remoteInfo = "time Watch App";
		};
		36C9587C2F0E5CB2008BF43E /* PBXContainerItemProxy */ = {
			isa = PBXContainerItemProxy;
			containerPortal = 36C9582B2F0E495A008BF43E /* Project object */;
			proxyType = 1;
			remoteGlobalIDString = 36C9586D2F0E5CAC008BF43E;
			remoteInfo = complicationExtension;
		};
/* End PBXContainerItemProxy section */

/* Begin PBXCopyFilesBuildPhase section */
		36C958602F0E4967008BF43E /* Embed Watch Content */ = {
			isa = PBXCopyFilesBuildPhase;
			buildActionMask = 2147483647;
			dstPath = "$(CONTENTS_FOLDER_PATH)/Watch";
			dstSubfolderSpec = 16;
			files = (
				36C958382F0E495B008BF43E /* watch.app in Embed Watch Content */,
			);
			name = "Embed Watch Content";
			runOnlyForDeploymentPostprocessing = 0;
		};
		36C958832F0E5CB2008BF43E /* Embed Foundation Extensions */ = {
			isa = PBXCopyFilesBuildPhase;
			buildActionMask = 2147483647;
			dstPath = "";
			dstSubfolderSpec = 13;
			files = (
				36C9587E2F0E5CB2008BF43E /* complication.appex in Embed Foundation Extensions */,
			);
			name = "Embed Foundation Extensions";
			runOnlyForDeploymentPostprocessing = 0;
		};
/* End PBXCopyFilesBuildPhase section */

/* Begin PBXFileReference section */
		36C958312F0E495B008BF43E /* ios.app */ = {isa = PBXFileReference; explicitFileType = wrapper.application; includeInIndex = 0; path = ios.app; sourceTree = BUILT_PRODUCTS_DIR; };
		36C958372F0E495B008BF43E /* watch.app */ = {isa = PBXFileReference; explicitFileType = wrapper.application; includeInIndex = 0; path = watch.app; sourceTree = BUILT_PRODUCTS_DIR; };
		36C9586E2F0E5CAC008BF43E /* complication.appex */ = {isa = PBXFileReference; explicitFileType = "wrapper.app-extension"; includeInIndex = 0; path = complication.appex; sourceTree = BUILT_PRODUCTS_DIR; };
		36C958702F0E5CAC008BF43E /* WidgetKit.framework */ = {isa = PBXFileReference; lastKnownFileType = wrapper.framework; name = WidgetKit.framework; path = System/Library/Frameworks/WidgetKit.framework; sourceTree = SDKROOT; };
		36C958722F0E5CAC008BF43E /* SwiftUI.framework */ = {isa = PBXFileReference; lastKnownFileType = wrapper.framework; name = SwiftUI.framework; path = System/Library/Frameworks/SwiftUI.framework; sourceTree = SDKROOT; };
		495F674B2F0FD78B008ED6EC /* Assets.xcassets */ = {isa = PBXFileReference; lastKnownFileType = folder.assetcatalog; path = Assets.xcassets; sourceTree = "<group>"; };
		4961C9252F0FD5900039E6C6 /* ProgressStore.swift */ = {isa = PBXFileReference; lastKnownFileType = sourcecode.swift; path = ProgressStore.swift; sourceTree = "<group>"; };
/* End PBXFileReference section */

/* Begin PBXFileSystemSynchronizedBuildFileExceptionSet section */
		36C9587F2F0E5CB2008BF43E /* Exceptions for "complication" folder in "complication" target */ = {
			isa = PBXFileSystemSynchronizedBuildFileExceptionSet;
			membershipExceptions = (
				Info.plist,
			);
			target = 36C9586D2F0E5CAC008BF43E /* complication */;
		};
/* End PBXFileSystemSynchronizedBuildFileExceptionSet section */

/* Begin PBXFileSystemSynchronizedRootGroup section */
		36C9583B2F0E495B008BF43E /* watch */ = {
			isa = PBXFileSystemSynchronizedRootGroup;
			path = watch;
			sourceTree = "<group>";
		};
		36C958742F0E5CAC008BF43E /* complication */ = {
			isa = PBXFileSystemSynchronizedRootGroup;
			exceptions = (
				36C9587F2F0E5CB2008BF43E /* Exceptions for "complication" folder in "complication" target */,
			);
			path = complication;
			sourceTree = "<group>";
		};
/* End PBXFileSystemSynchronizedRootGroup section */

/* Begin PBXFrameworksBuildPhase section */
		36C958342F0E495B008BF43E /* Frameworks */ = {
			isa = PBXFrameworksBuildPhase;
			buildActionMask = 2147483647;
			files = (
			);
			runOnlyForDeploymentPostprocessing = 0;
		};
		36C9586B2F0E5CAC008BF43E /* Frameworks */ = {
			isa = PBXFrameworksBuildPhase;
			buildActionMask = 2147483647;
			files = (
				36C958732F0E5CAC008BF43E /* SwiftUI.framework in Frameworks */,
				36C958712F0E5CAC008BF43E /* WidgetKit.framework in Frameworks */,
			);
			runOnlyForDeploymentPostprocessing = 0;
		};
/* End PBXFrameworksBuildPhase section */

/* Begin PBXGroup section */
		36C9582A2F0E4959008BF43E = {
			isa = PBXGroup;
			children = (
				495F674B2F0FD78B008ED6EC /* Assets.xcassets */,
				4961C9252F0FD5900039E6C6 /* ProgressStore.swift */,
				36C9583B2F0E495B008BF43E /* watch */,
				36C958742F0E5CAC008BF43E /* complication */,
				36C9586F2F0E5CAC008BF43E /* Frameworks */,
				36C958322F0E495B008BF43E /* Products */,
			);
			sourceTree = "<group>";
		};
		36C958322F0E495B008BF43E /* Products */ = {
			isa = PBXGroup;
			children = (
				36C958312F0E495B008BF43E /* ios.app */,
				36C958372F0E495B008BF43E /* watch.app */,
				36C9586E2F0E5CAC008BF43E /* complication.appex */,
			);
			name = Products;
			sourceTree = "<group>";
		};
		36C9586F2F0E5CAC008BF43E /* Frameworks */ = {
			isa = PBXGroup;
			children = (
				36C958702F0E5CAC008BF43E /* WidgetKit.framework */,
				36C958722F0E5CAC008BF43E /* SwiftUI.framework */,
			);
			name = Frameworks;
			sourceTree = "<group>";
		};
/* End PBXGroup section */

/* Begin PBXNativeTarget section */
		36C958302F0E495B008BF43E /* ios */ = {
			isa = PBXNativeTarget;
			buildConfigurationList = 36C958612F0E4967008BF43E /* Build configuration list for PBXNativeTarget "ios" */;
			buildPhases = (
				36C9582F2F0E495B008BF43E /* Resources */,
				36C958602F0E4967008BF43E /* Embed Watch Content */,
			);
			buildRules = (
			);
			dependencies = (
				36C9583A2F0E495B008BF43E /* PBXTargetDependency */,
			);
			name = ios;
			packageProductDependencies = (
			);
			productName = time;
			productReference = 36C958312F0E495B008BF43E /* ios.app */;
			productType = "com.apple.product-type.application.watchapp2-container";
		};
		36C958362F0E495B008BF43E /* watch */ = {
			isa = PBXNativeTarget;
			buildConfigurationList = 36C9585D2F0E4967008BF43E /* Build configuration list for PBXNativeTarget "watch" */;
			buildPhases = (
				36C958332F0E495B008BF43E /* Sources */,
				36C958342F0E495B008BF43E /* Frameworks */,
				36C958352F0E495B008BF43E /* Resources */,
				36C958832F0E5CB2008BF43E /* Embed Foundation Extensions */,
			);
			buildRules = (
			);
			dependencies = (
				36C9587D2F0E5CB2008BF43E /* PBXTargetDependency */,
			);
			fileSystemSynchronizedGroups = (
				36C9583B2F0E495B008BF43E /* watch */,
			);
			name = watch;
			packageProductDependencies = (
			);
			productName = "time Watch App";
			productReference = 36C958372F0E495B008BF43E /* watch.app */;
			productType = "com.apple.product-type.application";
		};
		36C9586D2F0E5CAC008BF43E /* complication */ = {
			isa = PBXNativeTarget;
			buildConfigurationList = 36C958802F0E5CB2008BF43E /* Build configuration list for PBXNativeTarget "complication" */;
			buildPhases = (
				36C9586A2F0E5CAC008BF43E /* Sources */,
				36C9586B2F0E5CAC008BF43E /* Frameworks */,
				36C9586C2F0E5CAC008BF43E /* Resources */,
			);
			buildRules = (
			);
			dependencies = (
			);
			fileSystemSynchronizedGroups = (
				36C958742F0E5CAC008BF43E /* complication */,
			);
			name = complication;
			packageProductDependencies = (
			);
			productName = complicationExtension;
			productReference = 36C9586E2F0E5CAC008BF43E /* complication.appex */;
			productType = "com.apple.product-type.app-extension";
		};
/* End PBXNativeTarget section */

/* Begin PBXProject section */
		36C9582B2F0E495A008BF43E /* Project object */ = {
			isa = PBXProject;
			attributes = {
				BuildIndependentTargetsInParallel = 1;
				LastSwiftUpdateCheck = 1620;
				LastUpgradeCheck = 1620;
				TargetAttributes = {
					36C958302F0E495B008BF43E = {
						CreatedOnToolsVersion = 16.2;
					};
					36C958362F0E495B008BF43E = {
						CreatedOnToolsVersion = 16.2;
					};
					36C9586D2F0E5CAC008BF43E = {
						CreatedOnToolsVersion = 16.2;
					};
				};
			};
			buildConfigurationList = 36C9582E2F0E495A008BF43E /* Build configuration list for PBXProject "time" */;
			developmentRegion = en;
			hasScannedForEncodings = 0;
			knownRegions = (
				en,
				Base,
			);
			mainGroup = 36C9582A2F0E4959008BF43E;
			minimizedProjectReferenceProxies = 1;
			preferredProjectObjectVersion = 77;
			productRefGroup = 36C958322F0E495B008BF43E /* Products */;
			projectDirPath = "";
			projectRoot = "";
			targets = (
				36C958302F0E495B008BF43E /* ios */,
				36C958362F0E495B008BF43E /* watch */,
				36C9586D2F0E5CAC008BF43E /* complication */,
			);
		};
/* End PBXProject section */

/* Begin PBXResourcesBuildPhase section */
		36C9582F2F0E495B008BF43E /* Resources */ = {
			isa = PBXResourcesBuildPhase;
			buildActionMask = 2147483647;
			files = (
			);
			runOnlyForDeploymentPostprocessing = 0;
		};
		36C958352F0E495B008BF43E /* Resources */ = {
			isa = PBXResourcesBuildPhase;
			buildActionMask = 2147483647;
			files = (
				495F67502F0FD78B008ED6EC /* Assets.xcassets in Resources */,
			);
			runOnlyForDeploymentPostprocessing = 0;
		};
		36C9586C2F0E5CAC008BF43E /* Resources */ = {
			isa = PBXResourcesBuildPhase;
			buildActionMask = 2147483647;
			files = (
				495F676B2F0FF801008ED6EC /* Assets.xcassets in Resources */,
			);
			runOnlyForDeploymentPostprocessing = 0;
		};
/* End PBXResourcesBuildPhase section */

/* Begin PBXSourcesBuildPhase section */
		36C958332F0E495B008BF43E /* Sources */ = {
			isa = PBXSourcesBuildPhase;
			buildActionMask = 2147483647;
			files = (
				4961C9272F0FD5900039E6C6 /* ProgressStore.swift in Sources */,
			);
			runOnlyForDeploymentPostprocessing = 0;
		};
		36C9586A2F0E5CAC008BF43E /* Sources */ = {
			isa = PBXSourcesBuildPhase;
			buildActionMask = 2147483647;
			files = (
				4961C9262F0FD5900039E6C6 /* ProgressStore.swift in Sources */,
			);
			runOnlyForDeploymentPostprocessing = 0;
		};
/* End PBXSourcesBuildPhase section */

/* Begin PBXTargetDependency section */
		36C9583A2F0E495B008BF43E /* PBXTargetDependency */ = {
			isa = PBXTargetDependency;
			target = 36C958362F0E495B008BF43E /* watch */;
			targetProxy = 36C958392F0E495B008BF43E /* PBXContainerItemProxy */;
		};
		36C9587D2F0E5CB2008BF43E /* PBXTargetDependency */ = {
			isa = PBXTargetDependency;
			target = 36C9586D2F0E5CAC008BF43E /* complication */;
			targetProxy = 36C9587C2F0E5CB2008BF43E /* PBXContainerItemProxy */;
		};
/* End PBXTargetDependency section */

/* Begin XCBuildConfiguration section */
		36C9585B2F0E4967008BF43E /* Debug */ = {
			isa = XCBuildConfiguration;
			buildSettings = {
				ALWAYS_SEARCH_USER_PATHS = NO;
				ASSETCATALOG_COMPILER_GENERATE_SWIFT_ASSET_SYMBOL_EXTENSIONS = YES;
				CLANG_ANALYZER_NONNULL = YES;
				CLANG_ANALYZER_NUMBER_OBJECT_CONVERSION = YES_AGGRESSIVE;
				CLANG_CXX_LANGUAGE_STANDARD = "gnu++20";
				CLANG_ENABLE_MODULES = YES;
				CLANG_ENABLE_OBJC_ARC = YES;
				CLANG_ENABLE_OBJC_WEAK = YES;
				CLANG_WARN_BLOCK_CAPTURE_AUTORELEASING = YES;
				CLANG_WARN_BOOL_CONVERSION = YES;
				CLANG_WARN_COMMA = YES;
				CLANG_WARN_CONSTANT_CONVERSION = YES;
				CLANG_WARN_DEPRECATED_OBJC_IMPLEMENTATIONS = YES;
				CLANG_WARN_DIRECT_OBJC_ISA_USAGE = YES_ERROR;
				CLANG_WARN_DOCUMENTATION_COMMENTS = YES;
				CLANG_WARN_EMPTY_BODY = YES;
				CLANG_WARN_ENUM_CONVERSION = YES;
				CLANG_WARN_INFINITE_RECURSION = YES;
				CLANG_WARN_INT_CONVERSION = YES;
				CLANG_WARN_NON_LITERAL_NULL_CONVERSION = YES;
				CLANG_WARN_OBJC_IMPLICIT_RETAIN_SELF = YES;
				CLANG_WARN_OBJC_LITERAL_CONVERSION = YES;
				CLANG_WARN_OBJC_ROOT_CLASS = YES_ERROR;
				CLANG_WARN_QUOTED_INCLUDE_IN_FRAMEWORK_HEADER = YES;
				CLANG_WARN_RANGE_LOOP_ANALYSIS = YES;
				CLANG_WARN_STRICT_PROTOTYPES = YES;
				CLANG_WARN_SUSPICIOUS_MOVE = YES;
				CLANG_WARN_UNGUARDED_AVAILABILITY = YES_AGGRESSIVE;
				CLANG_WARN_UNREACHABLE_CODE = YES;
				CLANG_WARN__DUPLICATE_METHOD_MATCH = YES;
				CODE_SIGN_IDENTITY = "Apple Distribution";
				COPY_PHASE_STRIP = NO;
				DEBUG_INFORMATION_FORMAT = dwarf;
				ENABLE_STRICT_OBJC_MSGSEND = YES;
				ENABLE_TESTABILITY = YES;
				ENABLE_USER_SCRIPT_SANDBOXING = YES;
				GCC_C_LANGUAGE_STANDARD = gnu17;
				GCC_DYNAMIC_NO_PIC = NO;
				GCC_NO_COMMON_BLOCKS = YES;
				GCC_OPTIMIZATION_LEVEL = 0;
				GCC_PREPROCESSOR_DEFINITIONS = (
					"DEBUG=1",
					"$(inherited)",
				);
				GCC_WARN_64_TO_32_BIT_CONVERSION = YES;
				GCC_WARN_ABOUT_RETURN_TYPE = YES_ERROR;
				GCC_WARN_UNDECLARED_SELECTOR = YES;
				GCC_WARN_UNINITIALIZED_AUTOS = YES_AGGRESSIVE;
				GCC_WARN_UNUSED_FUNCTION = YES;
				GCC_WARN_UNUSED_VARIABLE = YES;
				LOCALIZATION_PREFERS_STRING_CATALOGS = YES;
				MTL_ENABLE_DEBUG_INFO = INCLUDE_SOURCE;
				MTL_FAST_MATH = YES;
				ONLY_ACTIVE_ARCH = YES;
				SWIFT_ACTIVE_COMPILATION_CONDITIONS = "DEBUG $(inherited)";
				SWIFT_OPTIMIZATION_LEVEL = "-Onone";
			};
			name = Debug;
		};
		36C9585C2F0E4967008BF43E /* Release */ = {
			isa = XCBuildConfiguration;
			buildSettings = {
				ALWAYS_SEARCH_USER_PATHS = NO;
				ASSETCATALOG_COMPILER_GENERATE_SWIFT_ASSET_SYMBOL_EXTENSIONS = YES;
				CLANG_ANALYZER_NONNULL = YES;
				CLANG_ANALYZER_NUMBER_OBJECT_CONVERSION = YES_AGGRESSIVE;
				CLANG_CXX_LANGUAGE_STANDARD = "gnu++20";
				CLANG_ENABLE_MODULES = YES;
				CLANG_ENABLE_OBJC_ARC = YES;
				CLANG_ENABLE_OBJC_WEAK = YES;
				CLANG_WARN_BLOCK_CAPTURE_AUTORELEASING = YES;
				CLANG_WARN_BOOL_CONVERSION = YES;
				CLANG_WARN_COMMA = YES;
				CLANG_WARN_CONSTANT_CONVERSION = YES;
				CLANG_WARN_DEPRECATED_OBJC_IMPLEMENTATIONS = YES;
				CLANG_WARN_DIRECT_OBJC_ISA_USAGE = YES_ERROR;
				CLANG_WARN_DOCUMENTATION_COMMENTS = YES;
				CLANG_WARN_EMPTY_BODY = YES;
				CLANG_WARN_ENUM_CONVERSION = YES;
				CLANG_WARN_INFINITE_RECURSION = YES;
				CLANG_WARN_INT_CONVERSION = YES;
				CLANG_WARN_NON_LITERAL_NULL_CONVERSION = YES;
				CLANG_WARN_OBJC_IMPLICIT_RETAIN_SELF = YES;
				CLANG_WARN_OBJC_LITERAL_CONVERSION = YES;
				CLANG_WARN_OBJC_ROOT_CLASS = YES_ERROR;
				CLANG_WARN_QUOTED_INCLUDE_IN_FRAMEWORK_HEADER = YES;
				CLANG_WARN_RANGE_LOOP_ANALYSIS = YES;
				CLANG_WARN_STRICT_PROTOTYPES = YES;
				CLANG_WARN_SUSPICIOUS_MOVE = YES;
				CLANG_WARN_UNGUARDED_AVAILABILITY = YES_AGGRESSIVE;
				CLANG_WARN_UNREACHABLE_CODE = YES;
				CLANG_WARN__DUPLICATE_METHOD_MATCH = YES;
				CODE_SIGN_IDENTITY = "Apple Distribution";
				COPY_PHASE_STRIP = NO;
				DEBUG_INFORMATION_FORMAT = "dwarf-with-dsym";
				ENABLE_NS_ASSERTIONS = NO;
				ENABLE_STRICT_OBJC_MSGSEND = YES;
				ENABLE_USER_SCRIPT_SANDBOXING = YES;
				GCC_C_LANGUAGE_STANDARD = gnu17;
				GCC_NO_COMMON_BLOCKS = YES;
				GCC_WARN_64_TO_32_BIT_CONVERSION = YES;
				GCC_WARN_ABOUT_RETURN_TYPE = YES_ERROR;
				GCC_WARN_UNDECLARED_SELECTOR = YES;
				GCC_WARN_UNINITIALIZED_AUTOS = YES_AGGRESSIVE;
				GCC_WARN_UNUSED_FUNCTION = YES;
				GCC_WARN_UNUSED_VARIABLE = YES;
				LOCALIZATION_PREFERS_STRING_CATALOGS = YES;
				MTL_ENABLE_DEBUG_INFO = NO;
				MTL_FAST_MATH = YES;
				SWIFT_COMPILATION_MODE = wholemodule;
			};
			name = Release;
		};
		36C9585E2F0E4967008BF43E /* Debug */ = {
			isa = XCBuildConfiguration;
			buildSettings = {
				ASSETCATALOG_COMPILER_APPICON_NAME = AppIcon;
				ASSETCATALOG_COMPILER_GLOBAL_ACCENT_COLOR_NAME = AccentColor;
				CODE_SIGN_ENTITLEMENTS = watch/time.entitlements;
				CODE_SIGN_IDENTITY = "Apple Distribution";
				CODE_SIGN_STYLE = Automatic;
				CURRENT_PROJECT_VERSION = 1;
				DEVELOPMENT_ASSET_PATHS = "\"watch/Preview Content\"";
				DEVELOPMENT_TEAM = 8R2G2B2YYL;
				ENABLE_PREVIEWS = YES;
				GENERATE_INFOPLIST_FILE = YES;
				INFOPLIST_KEY_CFBundleDisplayName = time;
				INFOPLIST_KEY_UISupportedInterfaceOrientations = "UIInterfaceOrientationPortrait UIInterfaceOrientationPortraitUpsideDown";
				INFOPLIST_KEY_WKWatchOnly = YES;
				LD_RUNPATH_SEARCH_PATHS = (
					"$(inherited)",
					"@executable_path/Frameworks",
				);
				MARKETING_VERSION = 1.0;
				PRODUCT_BUNDLE_IDENTIFIER = com.massivecreationlab.badges.watchkitapp;
				PRODUCT_NAME = "$(TARGET_NAME)";
				PROVISIONING_PROFILE_SPECIFIER = "";
				SDKROOT = watchos;
				SKIP_INSTALL = YES;
				SWIFT_EMIT_LOC_STRINGS = YES;
				SWIFT_VERSION = 5.0;
				TARGETED_DEVICE_FAMILY = 4;
				WATCHOS_DEPLOYMENT_TARGET = 10.6;
			};
			name = Debug;
		};
		36C9585F2F0E4967008BF43E /* Release */ = {
			isa = XCBuildConfiguration;
			buildSettings = {
				ASSETCATALOG_COMPILER_APPICON_NAME = AppIcon;
				ASSETCATALOG_COMPILER_GLOBAL_ACCENT_COLOR_NAME = AccentColor;
				CODE_SIGN_ENTITLEMENTS = watch/time.entitlements;
				CODE_SIGN_IDENTITY = "Apple Distribution";
				CODE_SIGN_STYLE = Automatic;
				CURRENT_PROJECT_VERSION = 1;
				DEVELOPMENT_ASSET_PATHS = "\"watch/Preview Content\"";
				DEVELOPMENT_TEAM = 8R2G2B2YYL;
				ENABLE_PREVIEWS = YES;
				GENERATE_INFOPLIST_FILE = YES;
				INFOPLIST_KEY_CFBundleDisplayName = time;
				INFOPLIST_KEY_UISupportedInterfaceOrientations = "UIInterfaceOrientationPortrait UIInterfaceOrientationPortraitUpsideDown";
				INFOPLIST_KEY_WKWatchOnly = YES;
				LD_RUNPATH_SEARCH_PATHS = (
					"$(inherited)",
					"@executable_path/Frameworks",
				);
				MARKETING_VERSION = 1.0;
				PRODUCT_BUNDLE_IDENTIFIER = com.massivecreationlab.badges.watchkitapp;
				PRODUCT_NAME = "$(TARGET_NAME)";
				PROVISIONING_PROFILE_SPECIFIER = "";
				SDKROOT = watchos;
				SKIP_INSTALL = YES;
				SWIFT_EMIT_LOC_STRINGS = YES;
				SWIFT_VERSION = 5.0;
				TARGETED_DEVICE_FAMILY = 4;
				VALIDATE_PRODUCT = YES;
				WATCHOS_DEPLOYMENT_TARGET = 10.6;
			};
			name = Release;
		};
		36C958622F0E4967008BF43E /* Debug */ = {
			isa = XCBuildConfiguration;
			buildSettings = {
				CODE_SIGN_STYLE = Automatic;
				CURRENT_PROJECT_VERSION = 1;
				DEVELOPMENT_TEAM = 8R2G2B2YYL;
				INFOPLIST_KEY_CFBundleDisplayName = time;
				MARKETING_VERSION = 1.0;
				PRODUCT_BUNDLE_IDENTIFIER = com.massivecreationlab.badges;
				PRODUCT_NAME = "$(TARGET_NAME)";
				SDKROOT = iphoneos;
				SWIFT_VERSION = 5.0;
			};
			name = Debug;
		};
		36C958632F0E4967008BF43E /* Release */ = {
			isa = XCBuildConfiguration;
			buildSettings = {
				CODE_SIGN_STYLE = Automatic;
				CURRENT_PROJECT_VERSION = 1;
				DEVELOPMENT_TEAM = 8R2G2B2YYL;
				INFOPLIST_KEY_CFBundleDisplayName = time;
				MARKETING_VERSION = 1.0;
				PRODUCT_BUNDLE_IDENTIFIER = com.massivecreationlab.badges;
				PRODUCT_NAME = "$(TARGET_NAME)";
				SDKROOT = iphoneos;
				SWIFT_VERSION = 5.0;
				VALIDATE_PRODUCT = YES;
			};
			name = Release;
		};
		36C958812F0E5CB2008BF43E /* Debug */ = {
			isa = XCBuildConfiguration;
			buildSettings = {
				ASSETCATALOG_COMPILER_GLOBAL_ACCENT_COLOR_NAME = AccentColor;
				ASSETCATALOG_COMPILER_WIDGET_BACKGROUND_COLOR_NAME = WidgetBackground;
				CODE_SIGN_ENTITLEMENTS = complication.entitlements;
				CODE_SIGN_IDENTITY = "Apple Distribution";
				CODE_SIGN_STYLE = Automatic;
				CURRENT_PROJECT_VERSION = 1;
				DEVELOPMENT_TEAM = 8R2G2B2YYL;
				GENERATE_INFOPLIST_FILE = YES;
				INFOPLIST_FILE = complication/Info.plist;
				INFOPLIST_KEY_CFBundleDisplayName = complication;
				INFOPLIST_KEY_NSHumanReadableCopyright = "";
				LD_RUNPATH_SEARCH_PATHS = (
					"$(inherited)",
					"@executable_path/Frameworks",
					"@executable_path/../../Frameworks",
					"@executable_path/../../../../Frameworks",
				);
				MARKETING_VERSION = 1.0;
				PRODUCT_BUNDLE_IDENTIFIER = com.massivecreationlab.badges.watchkitapp.extension;
				PRODUCT_NAME = "$(TARGET_NAME)";
				PROVISIONING_PROFILE_SPECIFIER = "";
				SDKROOT = watchos;
				SKIP_INSTALL = YES;
				SWIFT_EMIT_LOC_STRINGS = YES;
				SWIFT_VERSION = 5.0;
				TARGETED_DEVICE_FAMILY = 4;
				WATCHOS_DEPLOYMENT_TARGET = 11.2;
			};
			name = Debug;
		};
		36C958822F0E5CB2008BF43E /* Release */ = {
			isa = XCBuildConfiguration;
			buildSettings = {
				ASSETCATALOG_COMPILER_GLOBAL_ACCENT_COLOR_NAME = AccentColor;
				ASSETCATALOG_COMPILER_WIDGET_BACKGROUND_COLOR_NAME = WidgetBackground;
				CODE_SIGN_ENTITLEMENTS = complication.entitlements;
				CODE_SIGN_IDENTITY = "Apple Distribution";
				CODE_SIGN_STYLE = Automatic;
				CURRENT_PROJECT_VERSION = 1;
				DEVELOPMENT_TEAM = 8R2G2B2YYL;
				GENERATE_INFOPLIST_FILE = YES;
				INFOPLIST_FILE = complication/Info.plist;
				INFOPLIST_KEY_CFBundleDisplayName = complication;
				INFOPLIST_KEY_NSHumanReadableCopyright = "";
				LD_RUNPATH_SEARCH_PATHS = (
					"$(inherited)",
					"@executable_path/Frameworks",
					"@executable_path/../../Frameworks",
					"@executable_path/../../../../Frameworks",
				);
				MARKETING_VERSION = 1.0;
				PRODUCT_BUNDLE_IDENTIFIER = com.massivecreationlab.badges.watchkitapp.extension;
				PRODUCT_NAME = "$(TARGET_NAME)";
				PROVISIONING_PROFILE_SPECIFIER = "";
				SDKROOT = watchos;
				SKIP_INSTALL = YES;
				SWIFT_EMIT_LOC_STRINGS = YES;
				SWIFT_VERSION = 5.0;
				TARGETED_DEVICE_FAMILY = 4;
				VALIDATE_PRODUCT = YES;
				WATCHOS_DEPLOYMENT_TARGET = 11.2;
			};
			name = Release;
		};
/* End XCBuildConfiguration section */

/* Begin XCConfigurationList section */
		36C9582E2F0E495A008BF43E /* Build configuration list for PBXProject "time" */ = {
			isa = XCConfigurationList;
			buildConfigurations = (
				36C9585B2F0E4967008BF43E /* Debug */,
				36C9585C2F0E4967008BF43E /* Release */,
			);
			defaultConfigurationIsVisible = 0;
			defaultConfigurationName = Release;
		};
		36C9585D2F0E4967008BF43E /* Build configuration list for PBXNativeTarget "watch" */ = {
			isa = XCConfigurationList;
			buildConfigurations = (
				36C9585E2F0E4967008BF43E /* Debug */,
				36C9585F2F0E4967008BF43E /* Release */,
			);
			defaultConfigurationIsVisible = 0;
			defaultConfigurationName = Release;
		};
		36C958612F0E4967008BF43E /* Build configuration list for PBXNativeTarget "ios" */ = {
			isa = XCConfigurationList;
			buildConfigurations = (
				36C958622F0E4967008BF43E /* Debug */,
				36C958632F0E4967008BF43E /* Release */,
			);
			defaultConfigurationIsVisible = 0;
			defaultConfigurationName = Release;
		};
		36C958802F0E5CB2008BF43E /* Build configuration list for PBXNativeTarget "complication" */ = {
			isa = XCConfigurationList;
			buildConfigurations = (
				36C958812F0E5CB2008BF43E /* Debug */,
				36C958822F0E5CB2008BF43E /* Release */,
			);
			defaultConfigurationIsVisible = 0;
			defaultConfigurationName = Release;
		};
/* End XCConfigurationList section */
	};
	rootObject = 36C9582B2F0E495A008BF43E /* Project object */;
}
