// !$*UTF8*$!
{
	archiveVersion = 1;
	classes = {
	};
	objectVersion = 77;
	objects = {

/* Begin PBXBuildFile section */
		36C958382F0E495B008BF43E /* time Watch App.app in Embed Watch Content */ = {isa = PBXBuildFile; fileRef = 36C958372F0E495B008BF43E /* time Watch App.app */; settings = {ATTRIBUTES = (RemoveHeadersOnCopy, ); }; };
		36C958712F0E5CAC008BF43E /* WidgetKit.framework in Frameworks */ = {isa = PBXBuildFile; fileRef = 36C958702F0E5CAC008BF43E /* WidgetKit.framework */; };
		36C958732F0E5CAC008BF43E /* SwiftUI.framework in Frameworks */ = {isa = PBXBuildFile; fileRef = 36C958722F0E5CAC008BF43E /* SwiftUI.framework */; };
		36C9587E2F0E5CB2008BF43E /* complicationExtension.appex in Embed Foundation Extensions */ = {isa = PBXBuildFile; fileRef = 36C9586E2F0E5CAC008BF43E /* complicationExtension.appex */; settings = {ATTRIBUTES = (RemoveHeadersOnCopy, ); }; };
/* End PBXBuildFile section */

/* Begin PBXContainerItemProxy section */
		36C958392F0E495B008BF43E /* PBXContainerItemProxy */ = {
			isa = PBXContainerItemProxy;
			containerPortal = 36C9582B2F0E495A008BF43E /* Project object */;
			proxyType = 1;
			remoteGlobalIDString = 36C958362F0E495B008BF43E;
			remoteInfo = "time Watch App";
		};
		36C9584A2F0E4966008BF43E /* PBXContainerItemProxy */ = {
			isa = PBXContainerItemProxy;
			containerPortal = 36C9582B2F0E495A008BF43E /* Project object */;
			proxyType = 1;
			remoteGlobalIDString = 36C958362F0E495B008BF43E;
			remoteInfo = "time Watch App";
		};
		36C958542F0E4967008BF43E /* PBXContainerItemProxy */ = {
			isa = PBXContainerItemProxy;
			containerPortal = 36C9582B2F0E495A008BF43E /* Project object */;
			proxyType = 1;
			remoteGlobalIDString = 36C958362F0E495B008BF43E;
			remoteInfo = "time Watch App";
		};
		36C9587C2F0E5CB2008BF43E /* PBXContainerItemProxy */ = {
			isa = PBXContainerItemProxy;
			containerPortal = 36C9582B2F0E495A008BF43E /* Project object */;
			proxyType = 1;
			remoteGlobalIDString = 36C9586D2F0E5CAC008BF43E;
			remoteInfo = complicationExtension;
		};
/* End PBXContainerItemProxy section */

/* Begin PBXCopyFilesBuildPhase section */
		36C958602F0E4967008BF43E /* Embed Watch Content */ = {
			isa = PBXCopyFilesBuildPhase;
			buildActionMask = 2147483647;
			dstPath = "$(CONTENTS_FOLDER_PATH)/Watch";
			dstSubfolderSpec = 16;
			files = (
				36C958382F0E495B008BF43E /* time Watch App.app in Embed Watch Content */,
			);
			name = "Embed Watch Content";
			runOnlyForDeploymentPostprocessing = 0;
		};
		36C958832F0E5CB2008BF43E /* Embed Foundation Extensions */ = {
			isa = PBXCopyFilesBuildPhase;
			buildActionMask = 2147483647;
			dstPath = "";
			dstSubfolderSpec = 13;
			files = (
				36C9587E2F0E5CB2008BF43E /* complicationExtension.appex in Embed Foundation Extensions */,
			);
			name = "Embed Foundation Extensions";
			runOnlyForDeploymentPostprocessing = 0;
		};
/* End PBXCopyFilesBuildPhase section */

/* Begin PBXFileReference section */
		36C958312F0E495B008BF43E /* time.app */ = {isa = PBXFileReference; explicitFileType = wrapper.application; includeInIndex = 0; path = time.app; sourceTree = BUILT_PRODUCTS_DIR; };
		36C958372F0E495B008BF43E /* time Watch App.app */ = {isa = PBXFileReference; explicitFileType = wrapper.application; includeInIndex = 0; path = "time Watch App.app"; sourceTree = BUILT_PRODUCTS_DIR; };
		36C958492F0E4966008BF43E /* time Watch AppTests.xctest */ = {isa = PBXFileReference; explicitFileType = wrapper.cfbundle; includeInIndex = 0; path = "time Watch AppTests.xctest"; sourceTree = BUILT_PRODUCTS_DIR; };
		36C958532F0E4967008BF43E /* time Watch AppUITests.xctest */ = {isa = PBXFileReference; explicitFileType = wrapper.cfbundle; includeInIndex = 0; path = "time Watch AppUITests.xctest"; sourceTree = BUILT_PRODUCTS_DIR; };
		36C9586E2F0E5CAC008BF43E /* complicationExtension.appex */ = {isa = PBXFileReference; explicitFileType = "wrapper.app-extension"; includeInIndex = 0; path = complicationExtension.appex; sourceTree = BUILT_PRODUCTS_DIR; };
		36C958702F0E5CAC008BF43E /* WidgetKit.framework */ = {isa = PBXFileReference; lastKnownFileType = wrapper.framework; name = WidgetKit.framework; path = System/Library/Frameworks/WidgetKit.framework; sourceTree = SDKROOT; };
		36C958722F0E5CAC008BF43E /* SwiftUI.framework */ = {isa = PBXFileReference; lastKnownFileType = wrapper.framework; name = SwiftUI.framework; path = System/Library/Frameworks/SwiftUI.framework; sourceTree = SDKROOT; };
		36C958852F0E66F3008BF43E /* complicationExtension.entitlements */ = {isa = PBXFileReference; lastKnownFileType = text.plist.entitlements; path = complicationExtension.entitlements; sourceTree = "<group>"; };
/* End PBXFileReference section */

/* Begin PBXFileSystemSynchronizedBuildFileExceptionSet section */
		36C9587F2F0E5CB2008BF43E /* Exceptions for "complication" folder in "complicationExtension" target */ = {
			isa = PBXFileSystemSynchronizedBuildFileExceptionSet;
			membershipExceptions = (
				Info.plist,
			);
			target = 36C9586D2F0E5CAC008BF43E /* complicationExtension */;
		};
/* End PBXFileSystemSynchronizedBuildFileExceptionSet section */

/* Begin PBXFileSystemSynchronizedRootGroup section */
		36C9583B2F0E495B008BF43E /* time Watch App */ = {
			isa = PBXFileSystemSynchronizedRootGroup;
			path = "time Watch App";
			sourceTree = "<group>";
		};
		36C9584C2F0E4966008BF43E /* time Watch AppTests */ = {
			isa = PBXFileSystemSynchronizedRootGroup;
			path = "time Watch AppTests";
			sourceTree = "<group>";
		};
		36C958562F0E4967008BF43E /* time Watch AppUITests */ = {
			isa = PBXFileSystemSynchronizedRootGroup;
			path = "time Watch AppUITests";
			sourceTree = "<group>";
		};
		36C958742F0E5CAC008BF43E /* complication */ = {
			isa = PBXFileSystemSynchronizedRootGroup;
			exceptions = (
				36C9587F2F0E5CB2008BF43E /* Exceptions for "complication" folder in "complicationExtension" target */,
			);
			path = complication;
			sourceTree = "<group>";
		};
/* End PBXFileSystemSynchronizedRootGroup section */

/* Begin PBXFrameworksBuildPhase section */
		36C958342F0E495B008BF43E /* Frameworks */ = {
			isa = PBXFrameworksBuildPhase;
			buildActionMask = 2147483647;
			files = (
			);
			runOnlyForDeploymentPostprocessing = 0;
		};
		36C958462F0E4966008BF43E /* Frameworks */ = {
			isa = PBXFrameworksBuildPhase;
			buildActionMask = 2147483647;
			files = (
			);
			runOnlyForDeploymentPostprocessing = 0;
		};
		36C958502F0E4967008BF43E /* Frameworks */ = {
			isa = PBXFrameworksBuildPhase;
			buildActionMask = 2147483647;
			files = (
			);
			runOnlyForDeploymentPostprocessing = 0;
		};
		36C9586B2F0E5CAC008BF43E /* Frameworks */ = {
			isa = PBXFrameworksBuildPhase;
			buildActionMask = 2147483647;
			files = (
				36C958732F0E5CAC008BF43E /* SwiftUI.framework in Frameworks */,
				36C958712F0E5CAC008BF43E /* WidgetKit.framework in Frameworks */,
			);
			runOnlyForDeploymentPostprocessing = 0;
		};
/* End PBXFrameworksBuildPhase section */

/* Begin PBXGroup section */
		36C9582A2F0E4959008BF43E = {
			isa = PBXGroup;
			children = (
				36C958852F0E66F3008BF43E /* complicationExtension.entitlements */,
				36C9583B2F0E495B008BF43E /* time Watch App */,
				36C9584C2F0E4966008BF43E /* time Watch AppTests */,
				36C958562F0E4967008BF43E /* time Watch AppUITests */,
				36C958742F0E5CAC008BF43E /* complication */,
				36C9586F2F0E5CAC008BF43E /* Frameworks */,
				36C958322F0E495B008BF43E /* Products */,
			);
			sourceTree = "<group>";
		};
		36C958322F0E495B008BF43E /* Products */ = {
			isa = PBXGroup;
			children = (
				36C958312F0E495B008BF43E /* time.app */,
				36C958372F0E495B008BF43E /* time Watch App.app */,
				36C958492F0E4966008BF43E /* time Watch AppTests.xctest */,
				36C958532F0E4967008BF43E /* time Watch AppUITests.xctest */,
				36C9586E2F0E5CAC008BF43E /* complicationExtension.appex */,
			);
			name = Products;
			sourceTree = "<group>";
		};
		36C9586F2F0E5CAC008BF43E /* Frameworks */ = {
			isa = PBXGroup;
			children = (
				36C958702F0E5CAC008BF43E /* WidgetKit.framework */,
				36C958722F0E5CAC008BF43E /* SwiftUI.framework */,
			);
			name = Frameworks;
			sourceTree = "<group>";
		};
/* End PBXGroup section */

/* Begin PBXNativeTarget section */
		36C958302F0E495B008BF43E /* time */ = {
			isa = PBXNativeTarget;
			buildConfigurationList = 36C958612F0E4967008BF43E /* Build configuration list for PBXNativeTarget "time" */;
			buildPhases = (
				36C9582F2F0E495B008BF43E /* Resources */,
				36C958602F0E4967008BF43E /* Embed Watch Content */,
			);
			buildRules = (
			);
			dependencies = (
				36C9583A2F0E495B008BF43E /* PBXTargetDependency */,
			);
			name = time;
			packageProductDependencies = (
			);
			productName = time;
			productReference = 36C958312F0E495B008BF43E /* time.app */;
			productType = "com.apple.product-type.application.watchapp2-container";
		};
		36C958362F0E495B008BF43E /* time Watch App */ = {
			isa = PBXNativeTarget;
			buildConfigurationList = 36C9585D2F0E4967008BF43E /* Build configuration list for PBXNativeTarget "time Watch App" */;
			buildPhases = (
				36C958332F0E495B008BF43E /* Sources */,
				36C958342F0E495B008BF43E /* Frameworks */,
				36C958352F0E495B008BF43E /* Resources */,
				36C958832F0E5CB2008BF43E /* Embed Foundation Extensions */,
			);
			buildRules = (
			);
			dependencies = (
				36C9587D2F0E5CB2008BF43E /* PBXTargetDependency */,
			);
			fileSystemSynchronizedGroups = (
				36C9583B2F0E495B008BF43E /* time Watch App */,
			);
			name = "time Watch App";
			packageProductDependencies = (
			);
			productName = "time Watch App";
			productReference = 36C958372F0E495B008BF43E /* time Watch App.app */;
			productType = "com.apple.product-type.application";
		};
		36C958482F0E4966008BF43E /* time Watch AppTests */ = {
			isa = PBXNativeTarget;
			buildConfigurationList = 36C958642F0E4967008BF43E /* Build configuration list for PBXNativeTarget "time Watch AppTests" */;
			buildPhases = (
				36C958452F0E4966008BF43E /* Sources */,
				36C958462F0E4966008BF43E /* Frameworks */,
				36C958472F0E4966008BF43E /* Resources */,
			);
			buildRules = (
			);
			dependencies = (
				36C9584B2F0E4966008BF43E /* PBXTargetDependency */,
			);
			fileSystemSynchronizedGroups = (
				36C9584C2F0E4966008BF43E /* time Watch AppTests */,
			);
			name = "time Watch AppTests";
			packageProductDependencies = (
			);
			productName = "time Watch AppTests";
			productReference = 36C958492F0E4966008BF43E /* time Watch AppTests.xctest */;
			productType = "com.apple.product-type.bundle.unit-test";
		};
		36C958522F0E4967008BF43E /* time Watch AppUITests */ = {
			isa = PBXNativeTarget;
			buildConfigurationList = 36C958672F0E4967008BF43E /* Build configuration list for PBXNativeTarget "time Watch AppUITests" */;
			buildPhases = (
				36C9584F2F0E4967008BF43E /* Sources */,
				36C958502F0E4967008BF43E /* Frameworks */,
				36C958512F0E4967008BF43E /* Resources */,
			);
			buildRules = (
			);
			dependencies = (
				36C958552F0E4967008BF43E /* PBXTargetDependency */,
			);
			fileSystemSynchronizedGroups = (
				36C958562F0E4967008BF43E /* time Watch AppUITests */,
			);
			name = "time Watch AppUITests";
			packageProductDependencies = (
			);
			productName = "time Watch AppUITests";
			productReference = 36C958532F0E4967008BF43E /* time Watch AppUITests.xctest */;
			productType = "com.apple.product-type.bundle.ui-testing";
		};
		36C9586D2F0E5CAC008BF43E /* complicationExtension */ = {
			isa = PBXNativeTarget;
			buildConfigurationList = 36C958802F0E5CB2008BF43E /* Build configuration list for PBXNativeTarget "complicationExtension" */;
			buildPhases = (
				36C9586A2F0E5CAC008BF43E /* Sources */,
				36C9586B2F0E5CAC008BF43E /* Frameworks */,
				36C9586C2F0E5CAC008BF43E /* Resources */,
			);
			buildRules = (
			);
			dependencies = (
			);
			fileSystemSynchronizedGroups = (
				36C958742F0E5CAC008BF43E /* complication */,
			);
			name = complicationExtension;
			packageProductDependencies = (
			);
			productName = complicationExtension;
			productReference = 36C9586E2F0E5CAC008BF43E /* complicationExtension.appex */;
			productType = "com.apple.product-type.app-extension";
		};
/* End PBXNativeTarget section */

/* Begin PBXProject section */
		36C9582B2F0E495A008BF43E /* Project object */ = {
			isa = PBXProject;
			attributes = {
				BuildIndependentTargetsInParallel = 1;
				LastSwiftUpdateCheck = 1620;
				LastUpgradeCheck = 1620;
				TargetAttributes = {
					36C958302F0E495B008BF43E = {
						CreatedOnToolsVersion = 16.2;
					};
					36C958362F0E495B008BF43E = {
						CreatedOnToolsVersion = 16.2;
					};
					36C958482F0E4966008BF43E = {
						CreatedOnToolsVersion = 16.2;
						TestTargetID = 36C958362F0E495B008BF43E;
					};
					36C958522F0E4967008BF43E = {
						CreatedOnToolsVersion = 16.2;
						TestTargetID = 36C958362F0E495B008BF43E;
					};
					36C9586D2F0E5CAC008BF43E = {
						CreatedOnToolsVersion = 16.2;
					};
				};
			};
			buildConfigurationList = 36C9582E2F0E495A008BF43E /* Build configuration list for PBXProject "time" */;
			developmentRegion = en;
			hasScannedForEncodings = 0;
			knownRegions = (
				en,
				Base,
			);
			mainGroup = 36C9582A2F0E4959008BF43E;
			minimizedProjectReferenceProxies = 1;
			preferredProjectObjectVersion = 77;
			productRefGroup = 36C958322F0E495B008BF43E /* Products */;
			projectDirPath = "";
			projectRoot = "";
			targets = (
				36C958302F0E495B008BF43E /* time */,
				36C958362F0E495B008BF43E /* time Watch App */,
				36C958482F0E4966008BF43E /* time Watch AppTests */,
				36C958522F0E4967008BF43E /* time Watch AppUITests */,
				36C9586D2F0E5CAC008BF43E /* complicationExtension */,
			);
		};
/* End PBXProject section */

/* Begin PBXResourcesBuildPhase section */
		36C9582F2F0E495B008BF43E /* Resources */ = {
			isa = PBXResourcesBuildPhase;
			buildActionMask = 2147483647;
			files = (
			);
			runOnlyForDeploymentPostprocessing = 0;
		};
		36C958352F0E495B008BF43E /* Resources */ = {
			isa = PBXResourcesBuildPhase;
			buildActionMask = 2147483647;
			files = (
			);
			runOnlyForDeploymentPostprocessing = 0;
		};
		36C958472F0E4966008BF43E /* Resources */ = {
			isa = PBXResourcesBuildPhase;
			buildActionMask = 2147483647;
			files = (
			);
			runOnlyForDeploymentPostprocessing = 0;
		};
		36C958512F0E4967008BF43E /* Resources */ = {
			isa = PBXResourcesBuildPhase;
			buildActionMask = 2147483647;
			files = (
			);
			runOnlyForDeploymentPostprocessing = 0;
		};
		36C9586C2F0E5CAC008BF43E /* Resources */ = {
			isa = PBXResourcesBuildPhase;
			buildActionMask = 2147483647;
			files = (
			);
			runOnlyForDeploymentPostprocessing = 0;
		};
/* End PBXResourcesBuildPhase section */

/* Begin PBXSourcesBuildPhase section */
		36C958332F0E495B008BF43E /* Sources */ = {
			isa = PBXSourcesBuildPhase;
			buildActionMask = 2147483647;
			files = (
			);
			runOnlyForDeploymentPostprocessing = 0;
		};
		36C958452F0E4966008BF43E /* Sources */ = {
			isa = PBXSourcesBuildPhase;
			buildActionMask = 2147483647;
			files = (
			);
			runOnlyForDeploymentPostprocessing = 0;
		};
		36C9584F2F0E4967008BF43E /* Sources */ = {
			isa = PBXSourcesBuildPhase;
			buildActionMask = 2147483647;
			files = (
			);
			runOnlyForDeploymentPostprocessing = 0;
		};
		36C9586A2F0E5CAC008BF43E /* Sources */ = {
			isa = PBXSourcesBuildPhase;
			buildActionMask = 2147483647;
			files = (
			);
			runOnlyForDeploymentPostprocessing = 0;
		};
/* End PBXSourcesBuildPhase section */

/* Begin PBXTargetDependency section */
		36C9583A2F0E495B008BF43E /* PBXTargetDependency */ = {
			isa = PBXTargetDependency;
			target = 36C958362F0E495B008BF43E /* time Watch App */;
			targetProxy = 36C958392F0E495B008BF43E /* PBXContainerItemProxy */;
		};
		36C9584B2F0E4966008BF43E /* PBXTargetDependency */ = {
			isa = PBXTargetDependency;
			target = 36C958362F0E495B008BF43E /* time Watch App */;
			targetProxy = 36C9584A2F0E4966008BF43E /* PBXContainerItemProxy */;
		};
		36C958552F0E4967008BF43E /* PBXTargetDependency */ = {
			isa = PBXTargetDependency;
			target = 36C958362F0E495B008BF43E /* time Watch App */;
			targetProxy = 36C958542F0E4967008BF43E /* PBXContainerItemProxy */;
		};
		36C9587D2F0E5CB2008BF43E /* PBXTargetDependency */ = {
			isa = PBXTargetDependency;
			target = 36C9586D2F0E5CAC008BF43E /* complicationExtension */;
			targetProxy = 36C9587C2F0E5CB2008BF43E /* PBXContainerItemProxy */;
		};
/* End PBXTargetDependency section */

/* Begin XCBuildConfiguration section */
		36C9585B2F0E4967008BF43E /* Debug */ = {
			isa = XCBuildConfiguration;
			buildSettings = {
				ALWAYS_SEARCH_USER_PATHS = NO;
				ASSETCATALOG_COMPILER_GENERATE_SWIFT_ASSET_SYMBOL_EXTENSIONS = YES;
				CLANG_ANALYZER_NONNULL = YES;
				CLANG_ANALYZER_NUMBER_OBJECT_CONVERSION = YES_AGGRESSIVE;
				CLANG_CXX_LANGUAGE_STANDARD = "gnu++20";
				CLANG_ENABLE_MODULES = YES;
				CLANG_ENABLE_OBJC_ARC = YES;
				CLANG_ENABLE_OBJC_WEAK = YES;
				CLANG_WARN_BLOCK_CAPTURE_AUTORELEASING = YES;
				CLANG_WARN_BOOL_CONVERSION = YES;
				CLANG_WARN_COMMA = YES;
				CLANG_WARN_CONSTANT_CONVERSION = YES;
				CLANG_WARN_DEPRECATED_OBJC_IMPLEMENTATIONS = YES;
				CLANG_WARN_DIRECT_OBJC_ISA_USAGE = YES_ERROR;
				CLANG_WARN_DOCUMENTATION_COMMENTS = YES;
				CLANG_WARN_EMPTY_BODY = YES;
				CLANG_WARN_ENUM_CONVERSION = YES;
				CLANG_WARN_INFINITE_RECURSION = YES;
				CLANG_WARN_INT_CONVERSION = YES;
				CLANG_WARN_NON_LITERAL_NULL_CONVERSION = YES;
				CLANG_WARN_OBJC_IMPLICIT_RETAIN_SELF = YES;
				CLANG_WARN_OBJC_LITERAL_CONVERSION = YES;
				CLANG_WARN_OBJC_ROOT_CLASS = YES_ERROR;
				CLANG_WARN_QUOTED_INCLUDE_IN_FRAMEWORK_HEADER = YES;
				CLANG_WARN_RANGE_LOOP_ANALYSIS = YES;
				CLANG_WARN_STRICT_PROTOTYPES = YES;
				CLANG_WARN_SUSPICIOUS_MOVE = YES;
				CLANG_WARN_UNGUARDED_AVAILABILITY = YES_AGGRESSIVE;
				CLANG_WARN_UNREACHABLE_CODE = YES;
				CLANG_WARN__DUPLICATE_METHOD_MATCH = YES;
				COPY_PHASE_STRIP = NO;
				DEBUG_INFORMATION_FORMAT = dwarf;
				ENABLE_STRICT_OBJC_MSGSEND = YES;
				ENABLE_TESTABILITY = YES;
				ENABLE_USER_SCRIPT_SANDBOXING = YES;
				GCC_C_LANGUAGE_STANDARD = gnu17;
				GCC_DYNAMIC_NO_PIC = NO;
				GCC_NO_COMMON_BLOCKS = YES;
				GCC_OPTIMIZATION_LEVEL = 0;
				GCC_PREPROCESSOR_DEFINITIONS = (
					"DEBUG=1",
					"$(inherited)",
				);
				GCC_WARN_64_TO_32_BIT_CONVERSION = YES;
				GCC_WARN_ABOUT_RETURN_TYPE = YES_ERROR;
				GCC_WARN_UNDECLARED_SELECTOR = YES;
				GCC_WARN_UNINITIALIZED_AUTOS = YES_AGGRESSIVE;
				GCC_WARN_UNUSED_FUNCTION = YES;
				GCC_WARN_UNUSED_VARIABLE = YES;
				LOCALIZATION_PREFERS_STRING_CATALOGS = YES;
				MTL_ENABLE_DEBUG_INFO = INCLUDE_SOURCE;
				MTL_FAST_MATH = YES;
				ONLY_ACTIVE_ARCH = YES;
				SWIFT_ACTIVE_COMPILATION_CONDITIONS = "DEBUG $(inherited)";
				SWIFT_OPTIMIZATION_LEVEL = "-Onone";
			};
			name = Debug;
		};
		36C9585C2F0E4967008BF43E /* Release */ = {
			isa = XCBuildConfiguration;
			buildSettings = {
				ALWAYS_SEARCH_USER_PATHS = NO;
				ASSETCATALOG_COMPILER_GENERATE_SWIFT_ASSET_SYMBOL_EXTENSIONS = YES;
				CLANG_ANALYZER_NONNULL = YES;
				CLANG_ANALYZER_NUMBER_OBJECT_CONVERSION = YES_AGGRESSIVE;
				CLANG_CXX_LANGUAGE_STANDARD = "gnu++20";
				CLANG_ENABLE_MODULES = YES;
				CLANG_ENABLE_OBJC_ARC = YES;
				CLANG_ENABLE_OBJC_WEAK = YES;
				CLANG_WARN_BLOCK_CAPTURE_AUTORELEASING = YES;
				CLANG_WARN_BOOL_CONVERSION = YES;
				CLANG_WARN_COMMA = YES;
				CLANG_WARN_CONSTANT_CONVERSION = YES;
				CLANG_WARN_DEPRECATED_OBJC_IMPLEMENTATIONS = YES;
				CLANG_WARN_DIRECT_OBJC_ISA_USAGE = YES_ERROR;
				CLANG_WARN_DOCUMENTATION_COMMENTS = YES;
				CLANG_WARN_EMPTY_BODY = YES;
				CLANG_WARN_ENUM_CONVERSION = YES;
				CLANG_WARN_INFINITE_RECURSION = YES;
				CLANG_WARN_INT_CONVERSION = YES;
				CLANG_WARN_NON_LITERAL_NULL_CONVERSION = YES;
				CLANG_WARN_OBJC_IMPLICIT_RETAIN_SELF = YES;
				CLANG_WARN_OBJC_LITERAL_CONVERSION = YES;
				CLANG_WARN_OBJC_ROOT_CLASS = YES_ERROR;
				CLANG_WARN_QUOTED_INCLUDE_IN_FRAMEWORK_HEADER = YES;
				CLANG_WARN_RANGE_LOOP_ANALYSIS = YES;
				CLANG_WARN_STRICT_PROTOTYPES = YES;
				CLANG_WARN_SUSPICIOUS_MOVE = YES;
				CLANG_WARN_UNGUARDED_AVAILABILITY = YES_AGGRESSIVE;
				CLANG_WARN_UNREACHABLE_CODE = YES;
				CLANG_WARN__DUPLICATE_METHOD_MATCH = YES;
				COPY_PHASE_STRIP = NO;
				DEBUG_INFORMATION_FORMAT = "dwarf-with-dsym";
				ENABLE_NS_ASSERTIONS = NO;
				ENABLE_STRICT_OBJC_MSGSEND = YES;
				ENABLE_USER_SCRIPT_SANDBOXING = YES;
				GCC_C_LANGUAGE_STANDARD = gnu17;
				GCC_NO_COMMON_BLOCKS = YES;
				GCC_WARN_64_TO_32_BIT_CONVERSION = YES;
				GCC_WARN_ABOUT_RETURN_TYPE = YES_ERROR;
				GCC_WARN_UNDECLARED_SELECTOR = YES;
				GCC_WARN_UNINITIALIZED_AUTOS = YES_AGGRESSIVE;
				GCC_WARN_UNUSED_FUNCTION = YES;
				GCC_WARN_UNUSED_VARIABLE = YES;
				LOCALIZATION_PREFERS_STRING_CATALOGS = YES;
				MTL_ENABLE_DEBUG_INFO = NO;
				MTL_FAST_MATH = YES;
				SWIFT_COMPILATION_MODE = wholemodule;
			};
			name = Release;
		};
		36C9585E2F0E4967008BF43E /* Debug */ = {
			isa = XCBuildConfiguration;
			buildSettings = {
				ASSETCATALOG_COMPILER_APPICON_NAME = AppIcon;
				ASSETCATALOG_COMPILER_GLOBAL_ACCENT_COLOR_NAME = AccentColor;
				CODE_SIGN_ENTITLEMENTS = "time Watch App/time Watch App.entitlements";
				CODE_SIGN_STYLE = Automatic;
				CURRENT_PROJECT_VERSION = 1;
				DEVELOPMENT_ASSET_PATHS = "\"time Watch App/Preview Content\"";
				DEVELOPMENT_TEAM = 4ABH3G998N;
				ENABLE_PREVIEWS = YES;
				GENERATE_INFOPLIST_FILE = YES;
				INFOPLIST_KEY_CFBundleDisplayName = time;
				INFOPLIST_KEY_UISupportedInterfaceOrientations = "UIInterfaceOrientationPortrait UIInterfaceOrientationPortraitUpsideDown";
				INFOPLIST_KEY_WKWatchOnly = YES;
				LD_RUNPATH_SEARCH_PATHS = (
					"$(inherited)",
					"@executable_path/Frameworks",
				);
				MARKETING_VERSION = 1.0;
				PRODUCT_BUNDLE_IDENTIFIER = com.massivecreationlab.time2.watchkitapp;
				PRODUCT_NAME = "$(TARGET_NAME)";
				SDKROOT = watchos;
				SKIP_INSTALL = YES;
				SWIFT_EMIT_LOC_STRINGS = YES;
				SWIFT_VERSION = 5.0;
				TARGETED_DEVICE_FAMILY = 4;
				WATCHOS_DEPLOYMENT_TARGET = 11.2;
			};
			name = Debug;
		};
		36C9585F2F0E4967008BF43E /* Release */ = {
			isa = XCBuildConfiguration;
			buildSettings = {
				ASSETCATALOG_COMPILER_APPICON_NAME = AppIcon;
				ASSETCATALOG_COMPILER_GLOBAL_ACCENT_COLOR_NAME = AccentColor;
				CODE_SIGN_ENTITLEMENTS = "time Watch App/time Watch App.entitlements";
				CODE_SIGN_STYLE = Automatic;
				CURRENT_PROJECT_VERSION = 1;
				DEVELOPMENT_ASSET_PATHS = "\"time Watch App/Preview Content\"";
				DEVELOPMENT_TEAM = 4ABH3G998N;
				ENABLE_PREVIEWS = YES;
				GENERATE_INFOPLIST_FILE = YES;
				INFOPLIST_KEY_CFBundleDisplayName = time;
				INFOPLIST_KEY_UISupportedInterfaceOrientations = "UIInterfaceOrientationPortrait UIInterfaceOrientationPortraitUpsideDown";
				INFOPLIST_KEY_WKWatchOnly = YES;
				LD_RUNPATH_SEARCH_PATHS = (
					"$(inherited)",
					"@executable_path/Frameworks",
				);
				MARKETING_VERSION = 1.0;
				PRODUCT_BUNDLE_IDENTIFIER = com.massivecreationlab.time2.watchkitapp;
				PRODUCT_NAME = "$(TARGET_NAME)";
				SDKROOT = watchos;
				SKIP_INSTALL = YES;
				SWIFT_EMIT_LOC_STRINGS = YES;
				SWIFT_VERSION = 5.0;
				TARGETED_DEVICE_FAMILY = 4;
				VALIDATE_PRODUCT = YES;
				WATCHOS_DEPLOYMENT_TARGET = 11.2;
			};
			name = Release;
		};
		36C958622F0E4967008BF43E /* Debug */ = {
			isa = XCBuildConfiguration;
			buildSettings = {
				CODE_SIGN_STYLE = Automatic;
				CURRENT_PROJECT_VERSION = 1;
				INFOPLIST_KEY_CFBundleDisplayName = time;
				MARKETING_VERSION = 1.0;
				PRODUCT_BUNDLE_IDENTIFIER = com.massivecreationlab.time2;
				PRODUCT_NAME = "$(TARGET_NAME)";
				SDKROOT = iphoneos;
				SWIFT_VERSION = 5.0;
			};
			name = Debug;
		};
		36C958632F0E4967008BF43E /* Release */ = {
			isa = XCBuildConfiguration;
			buildSettings = {
				CODE_SIGN_STYLE = Automatic;
				CURRENT_PROJECT_VERSION = 1;
				INFOPLIST_KEY_CFBundleDisplayName = time;
				MARKETING_VERSION = 1.0;
				PRODUCT_BUNDLE_IDENTIFIER = com.massivecreationlab.time2;
				PRODUCT_NAME = "$(TARGET_NAME)";
				SDKROOT = iphoneos;
				SWIFT_VERSION = 5.0;
				VALIDATE_PRODUCT = YES;
			};
			name = Release;
		};
		36C958652F0E4967008BF43E /* Debug */ = {
			isa = XCBuildConfiguration;
			buildSettings = {
				BUNDLE_LOADER = "$(TEST_HOST)";
				CODE_SIGN_STYLE = Automatic;
				CURRENT_PROJECT_VERSION = 1;
				GENERATE_INFOPLIST_FILE = YES;
				MARKETING_VERSION = 1.0;
				PRODUCT_BUNDLE_IDENTIFIER = "com.massivecreationlab.time-Watch-AppTests";
				PRODUCT_NAME = "$(TARGET_NAME)";
				SDKROOT = watchos;
				SWIFT_EMIT_LOC_STRINGS = NO;
				SWIFT_VERSION = 5.0;
				TARGETED_DEVICE_FAMILY = 4;
				TEST_HOST = "$(BUILT_PRODUCTS_DIR)/time Watch App.app/$(BUNDLE_EXECUTABLE_FOLDER_PATH)/time Watch App";
				WATCHOS_DEPLOYMENT_TARGET = 11.2;
			};
			name = Debug;
		};
		36C958662F0E4967008BF43E /* Release */ = {
			isa = XCBuildConfiguration;
			buildSettings = {
				BUNDLE_LOADER = "$(TEST_HOST)";
				CODE_SIGN_STYLE = Automatic;
				CURRENT_PROJECT_VERSION = 1;
				GENERATE_INFOPLIST_FILE = YES;
				MARKETING_VERSION = 1.0;
				PRODUCT_BUNDLE_IDENTIFIER = "com.massivecreationlab.time-Watch-AppTests";
				PRODUCT_NAME = "$(TARGET_NAME)";
				SDKROOT = watchos;
				SWIFT_EMIT_LOC_STRINGS = NO;
				SWIFT_VERSION = 5.0;
				TARGETED_DEVICE_FAMILY = 4;
				TEST_HOST = "$(BUILT_PRODUCTS_DIR)/time Watch App.app/$(BUNDLE_EXECUTABLE_FOLDER_PATH)/time Watch App";
				VALIDATE_PRODUCT = YES;
				WATCHOS_DEPLOYMENT_TARGET = 11.2;
			};
			name = Release;
		};
		36C958682F0E4967008BF43E /* Debug */ = {
			isa = XCBuildConfiguration;
			buildSettings = {
				CODE_SIGN_STYLE = Automatic;
				CURRENT_PROJECT_VERSION = 1;
				GENERATE_INFOPLIST_FILE = YES;
				MARKETING_VERSION = 1.0;
				PRODUCT_BUNDLE_IDENTIFIER = "com.massivecreationlab.time-Watch-AppUITests";
				PRODUCT_NAME = "$(TARGET_NAME)";
				SDKROOT = watchos;
				SWIFT_EMIT_LOC_STRINGS = NO;
				SWIFT_VERSION = 5.0;
				TARGETED_DEVICE_FAMILY = 4;
				TEST_TARGET_NAME = "time Watch App";
				WATCHOS_DEPLOYMENT_TARGET = 11.2;
			};
			name = Debug;
		};
		36C958692F0E4967008BF43E /* Release */ = {
			isa = XCBuildConfiguration;
			buildSettings = {
				CODE_SIGN_STYLE = Automatic;
				CURRENT_PROJECT_VERSION = 1;
				GENERATE_INFOPLIST_FILE = YES;
				MARKETING_VERSION = 1.0;
				PRODUCT_BUNDLE_IDENTIFIER = "com.massivecreationlab.time-Watch-AppUITests";
				PRODUCT_NAME = "$(TARGET_NAME)";
				SDKROOT = watchos;
				SWIFT_EMIT_LOC_STRINGS = NO;
				SWIFT_VERSION = 5.0;
				TARGETED_DEVICE_FAMILY = 4;
				TEST_TARGET_NAME = "time Watch App";
				VALIDATE_PRODUCT = YES;
				WATCHOS_DEPLOYMENT_TARGET = 11.2;
			};
			name = Release;
		};
		36C958812F0E5CB2008BF43E /* Debug */ = {
			isa = XCBuildConfiguration;
			buildSettings = {
				ASSETCATALOG_COMPILER_GLOBAL_ACCENT_COLOR_NAME = AccentColor;
				ASSETCATALOG_COMPILER_WIDGET_BACKGROUND_COLOR_NAME = WidgetBackground;
				CODE_SIGN_ENTITLEMENTS = complicationExtension.entitlements;
				CODE_SIGN_STYLE = Automatic;
				CURRENT_PROJECT_VERSION = 1;
				DEVELOPMENT_TEAM = 4ABH3G998N;
				GENERATE_INFOPLIST_FILE = YES;
				INFOPLIST_FILE = complication/Info.plist;
				INFOPLIST_KEY_CFBundleDisplayName = complication;
				INFOPLIST_KEY_NSHumanReadableCopyright = "";
				LD_RUNPATH_SEARCH_PATHS = (
					"$(inherited)",
					"@executable_path/Frameworks",
					"@executable_path/../../Frameworks",
					"@executable_path/../../../../Frameworks",
				);
				MARKETING_VERSION = 1.0;
				PRODUCT_BUNDLE_IDENTIFIER = com.massivecreationlab.time.watchkitapp.complication;
				PRODUCT_NAME = "$(TARGET_NAME)";
				SDKROOT = watchos;
				SKIP_INSTALL = YES;
				SWIFT_EMIT_LOC_STRINGS = YES;
				SWIFT_VERSION = 5.0;
				TARGETED_DEVICE_FAMILY = 4;
				WATCHOS_DEPLOYMENT_TARGET = 11.2;
			};
			name = Debug;
		};
		36C958822F0E5CB2008BF43E /* Release */ = {
			isa = XCBuildConfiguration;
			buildSettings = {
				ASSETCATALOG_COMPILER_GLOBAL_ACCENT_COLOR_NAME = AccentColor;
				ASSETCATALOG_COMPILER_WIDGET_BACKGROUND_COLOR_NAME = WidgetBackground;
				CODE_SIGN_ENTITLEMENTS = complicationExtension.entitlements;
				CODE_SIGN_STYLE = Automatic;
				CURRENT_PROJECT_VERSION = 1;
				DEVELOPMENT_TEAM = 4ABH3G998N;
				GENERATE_INFOPLIST_FILE = YES;
				INFOPLIST_FILE = complication/Info.plist;
				INFOPLIST_KEY_CFBundleDisplayName = complication;
				INFOPLIST_KEY_NSHumanReadableCopyright = "";
				LD_RUNPATH_SEARCH_PATHS = (
					"$(inherited)",
					"@executable_path/Frameworks",
					"@executable_path/../../Frameworks",
					"@executable_path/../../../../Frameworks",
				);
				MARKETING_VERSION = 1.0;
				PRODUCT_BUNDLE_IDENTIFIER = com.massivecreationlab.time.watchkitapp.complication;
				PRODUCT_NAME = "$(TARGET_NAME)";
				SDKROOT = watchos;
				SKIP_INSTALL = YES;
				SWIFT_EMIT_LOC_STRINGS = YES;
				SWIFT_VERSION = 5.0;
				TARGETED_DEVICE_FAMILY = 4;
				VALIDATE_PRODUCT = YES;
				WATCHOS_DEPLOYMENT_TARGET = 11.2;
			};
			name = Release;
		};
/* End XCBuildConfiguration section */

/* Begin XCConfigurationList section */
		36C9582E2F0E495A008BF43E /* Build configuration list for PBXProject "time" */ = {
			isa = XCConfigurationList;
			buildConfigurations = (
				36C9585B2F0E4967008BF43E /* Debug */,
				36C9585C2F0E4967008BF43E /* Release */,
			);
			defaultConfigurationIsVisible = 0;
			defaultConfigurationName = Release;
		};
		36C9585D2F0E4967008BF43E /* Build configuration list for PBXNativeTarget "time Watch App" */ = {
			isa = XCConfigurationList;
			buildConfigurations = (
				36C9585E2F0E4967008BF43E /* Debug */,
				36C9585F2F0E4967008BF43E /* Release */,
			);
			defaultConfigurationIsVisible = 0;
			defaultConfigurationName = Release;
		};
		36C958612F0E4967008BF43E /* Build configuration list for PBXNativeTarget "time" */ = {
			isa = XCConfigurationList;
			buildConfigurations = (
				36C958622F0E4967008BF43E /* Debug */,
				36C958632F0E4967008BF43E /* Release */,
			);
			defaultConfigurationIsVisible = 0;
			defaultConfigurationName = Release;
		};
		36C958642F0E4967008BF43E /* Build configuration list for PBXNativeTarget "time Watch AppTests" */ = {
			isa = XCConfigurationList;
			buildConfigurations = (
				36C958652F0E4967008BF43E /* Debug */,
				36C958662F0E4967008BF43E /* Release */,
			);
			defaultConfigurationIsVisible = 0;
			defaultConfigurationName = Release;
		};
		36C958672F0E4967008BF43E /* Build configuration list for PBXNativeTarget "time Watch AppUITests" */ = {
			isa = XCConfigurationList;
			buildConfigurations = (
				36C958682F0E4967008BF43E /* Debug */,
				36C958692F0E4967008BF43E /* Release */,
			);
			defaultConfigurationIsVisible = 0;
			defaultConfigurationName = Release;
		};
		36C958802F0E5CB2008BF43E /* Build configuration list for PBXNativeTarget "complicationExtension" */ = {
			isa = XCConfigurationList;
			buildConfigurations = (
				36C958812F0E5CB2008BF43E /* Debug */,
				36C958822F0E5CB2008BF43E /* Release */,
			);
			defaultConfigurationIsVisible = 0;
			defaultConfigurationName = Release;
		};
/* End XCConfigurationList section */
	};
	rootObject = 36C9582B2F0E495A008BF43E /* Project object */;
}
